
Microsoft Visual Studio Solution File, Format Version 12.00
# Visual Studio Version 17
VisualStudioVersion = 17.11.35327.3
MinimumVisualStudioVersion = 10.0.40219.1
Project("{FAE04EC0-301F-11D3-BF4B-00C04F79EFBC}") = "BodegaEscuela", "BodegaEscuela\BodegaEscuela.csproj", "{5B3FEE42-EF9F-414D-937B-86345B63D769}"
EndProject
Global
	GlobalSection(SolutionConfigurationPlatforms) = preSolution
		Debug|Any CPU = Debug|Any CPU
		Release|Any CPU = Release|Any CPU
	EndGlobalSection
	GlobalSection(ProjectConfigurationPlatforms) = postSolution
		{5B3FEE42-EF9F-414D-937B-86345B63D769}.Debug|Any CPU.ActiveCfg = Debug|Any CPU
		{5B3FEE42-EF9F-414D-937B-86345B63D769}.Debug|Any CPU.Build.0 = Debug|Any CPU
		{5B3FEE42-EF9F-414D-937B-86345B63D769}.Release|Any CPU.ActiveCfg = Release|Any CPU
		{5B3FEE42-EF9F-414D-937B-86345B63D769}.Release|Any CPU.Build.0 = Release|Any CPU
	EndGlobalSection
	GlobalSection(SolutionProperties) = preSolution
		HideSolutionNode = FALSE
	EndGlobalSection
	GlobalSection(ExtensibilityGlobals) = postSolution
		SolutionGuid = {7A1A4CCB-DABA-4BC3-B572-EFB78C5C083B}
	EndGlobalSection
EndGlobal
